
Microsoft Visual Studio Solution File, Format Version 12.00
# Visual Studio Version 17
VisualStudioVersion = 17.13.35919.96 d17.13
MinimumVisualStudioVersion = 10.0.40219.1
Project("{FAE04EC0-301F-11D3-BF4B-00C04F79EFBC}") = "OOP12025VT", "OOP12025VT\OOP12025VT.csproj", "{86E11500-0EE2-4883-8BE8-DDB31DED40F1}"
EndProject
Global
	GlobalSection(SolutionConfigurationPlatforms) = preSolution
		Debug|Any CPU = Debug|Any CPU
		Release|Any CPU = Release|Any CPU
	EndGlobalSection
	GlobalSection(ProjectConfigurationPlatforms) = postSolution
		{86E11500-0EE2-4883-8BE8-DDB31DED40F1}.Debug|Any CPU.ActiveCfg = Debug|Any CPU
		{86E11500-0EE2-4883-8BE8-DDB31DED40F1}.Debug|Any CPU.Build.0 = Debug|Any CPU
		{86E11500-0EE2-4883-8BE8-DDB31DED40F1}.Release|Any CPU.ActiveCfg = Release|Any CPU
		{86E11500-0EE2-4883-8BE8-DDB31DED40F1}.Release|Any CPU.Build.0 = Release|Any CPU
	EndGlobalSection
	GlobalSection(SolutionProperties) = preSolution
		HideSolutionNode = FALSE
	EndGlobalSection
	GlobalSection(ExtensibilityGlobals) = postSolution
		SolutionGuid = {5A6EF052-9DE2-4ADD-A4B8-5106CAC2A821}
	EndGlobalSection
EndGlobal
